PODS:
  - Kingfisher (5.15.7):
    - Kingfisher/Core (= 5.15.7)
  - Kingfisher/Core (5.15.7)
  - SwiftKeychainWrapper (4.0.1)
  - Swinject (2.7.1)
  - UPCarouselFlowLayout (1.1.2)

DEPENDENCIES:
  - Kingfisher (~> 5.0)
  - SwiftKeychainWrapper
  - Swinject
  - UPCarouselFlowLayout

SPEC REPOS:
  trunk:
    - Kingfisher
    - SwiftKeychainWrapper
    - Swinject
    - UPCarouselFlowLayout

SPEC CHECKSUMS:
  Kingfisher: 6e1a13523fcb1c86924ce53affe4ac957e544d59
  SwiftKeychainWrapper: 807ba1d63c33a7d0613288512399cd1eda1e470c
  Swinject: ddf78b8486dd9b71a667b852cad919ab4484478e
  UPCarouselFlowLayout: 4c7d2c43a10ebb1597bde502a53699d378341dad

PODFILE CHECKSUM: cb4be3c93c8bf789d5e4bf67a3ca0223d5615ab4

COCOAPODS: 1.10.0
