PODS:
  - Alamofire (5.4.0)
  - AlamofireImage (4.1.0):
    - Alamofire (~> 5.1)
  - Kingfisher (5.15.7):
    - Kingfisher/Core (= 5.15.7)
  - Kingfisher/Core (5.15.7)
  - RxSwift (5.1.1)
  - SwiftKeychainWrapper (4.0.1)
  - Swinject (2.7.1)
  - SwinjectAutoregistration (2.7.0):
    - Swinject (~> 2.7)

DEPENDENCIES:
  - Alamofire
  - AlamofireImage
  - Kingfisher
  - RxSwift
  - SwiftKeychainWrapper
  - Swinject
  - SwinjectAutoregistration

SPEC REPOS:
  trunk:
    - Alamofire
    - AlamofireImage
    - Kingfisher
    - RxSwift
    - SwiftKeychainWrapper
    - Swinject
    - SwinjectAutoregistration

SPEC CHECKSUMS:
  Alamofire: 3b6a534a3df22db367e4dedeeca73d1ddfcf0e2f
  AlamofireImage: c4a2ba349885fb3064feb74d2e547bd42ce9be10
  Kingfisher: 6e1a13523fcb1c86924ce53affe4ac957e544d59
  RxSwift: 81470a2074fa8780320ea5fe4102807cb7118178
  SwiftKeychainWrapper: 807ba1d63c33a7d0613288512399cd1eda1e470c
  Swinject: ddf78b8486dd9b71a667b852cad919ab4484478e
  SwinjectAutoregistration: 330f5012642a8b5c89a8a4adb0c5e52df07382c0

PODFILE CHECKSUM: c245ff459fdaf5e43b20de883b0a65020d65511c

COCOAPODS: 1.10.0
