// !$*UTF8*$!
{
	archiveVersion = 1;
	classes = {
	};
	objectVersion = 50;
	objects = {

/* Begin PBXBuildFile section */
		22067F7C2586B19900A0DEEC /* MoveeWebService.framework in Frameworks */ = {isa = PBXBuildFile; fileRef = 22067F722586B19900A0DEEC /* MoveeWebService.framework */; };
		22067F812586B19900A0DEEC /* MoveeWebServiceTests.swift in Sources */ = {isa = PBXBuildFile; fileRef = 22067F802586B19900A0DEEC /* MoveeWebServiceTests.swift */; };
		22067F832586B19900A0DEEC /* MoveeWebService.h in Headers */ = {isa = PBXBuildFile; fileRef = 22067F752586B19900A0DEEC /* MoveeWebService.h */; settings = {ATTRIBUTES = (Public, ); }; };
		22067FCA2586B1E700A0DEEC /* Endpoints.swift in Sources */ = {isa = PBXBuildFile; fileRef = 22067F902586B1E600A0DEEC /* Endpoints.swift */; };
		22067FCB2586B1E700A0DEEC /* LoginOperationsRemoteInterface.swift in Sources */ = {isa = PBXBuildFile; fileRef = 22067F932586B1E600A0DEEC /* LoginOperationsRemoteInterface.swift */; };
		22067FCC2586B1E700A0DEEC /* LoginOperationsRepositoryInterface.swift in Sources */ = {isa = PBXBuildFile; fileRef = 22067F942586B1E600A0DEEC /* LoginOperationsRepositoryInterface.swift */; };
		22067FCD2586B1E700A0DEEC /* LoginOperationsRepository.swift in Sources */ = {isa = PBXBuildFile; fileRef = 22067F962586B1E600A0DEEC /* LoginOperationsRepository.swift */; };
		22067FCE2586B1E700A0DEEC /* LoginServices.swift in Sources */ = {isa = PBXBuildFile; fileRef = 22067F982586B1E600A0DEEC /* LoginServices.swift */; };
		22067FCF2586B1E700A0DEEC /* LoginServiceModule.swift in Sources */ = {isa = PBXBuildFile; fileRef = 22067F992586B1E600A0DEEC /* LoginServiceModule.swift */; };
		22067FD02586B1E700A0DEEC /* LoginOperationsRemote.swift in Sources */ = {isa = PBXBuildFile; fileRef = 22067F9B2586B1E600A0DEEC /* LoginOperationsRemote.swift */; };
		22067FD12586B1E700A0DEEC /* HttpClientInterface.swift in Sources */ = {isa = PBXBuildFile; fileRef = 22067F9D2586B1E600A0DEEC /* HttpClientInterface.swift */; };
		22067FD22586B1E700A0DEEC /* ApiInterceptor.swift in Sources */ = {isa = PBXBuildFile; fileRef = 22067F9E2586B1E600A0DEEC /* ApiInterceptor.swift */; };
		22067FD32586B1E700A0DEEC /* EncodableExtension.swift in Sources */ = {isa = PBXBuildFile; fileRef = 22067F9F2586B1E600A0DEEC /* EncodableExtension.swift */; };
		22067FD42586B1E700A0DEEC /* ApiManager.swift in Sources */ = {isa = PBXBuildFile; fileRef = 22067FA02586B1E600A0DEEC /* ApiManager.swift */; };
		22067FD52586B1E700A0DEEC /* ApiEventMonitor.swift in Sources */ = {isa = PBXBuildFile; fileRef = 22067FA12586B1E600A0DEEC /* ApiEventMonitor.swift */; };
		22067FD62586B1E700A0DEEC /* ApiRetrier.swift in Sources */ = {isa = PBXBuildFile; fileRef = 22067FA22586B1E600A0DEEC /* ApiRetrier.swift */; };
		22067FD72586B1E700A0DEEC /* ApiAdapter.swift in Sources */ = {isa = PBXBuildFile; fileRef = 22067FA32586B1E600A0DEEC /* ApiAdapter.swift */; };
		22067FD82586B1E700A0DEEC /* ApiServiceProvider.swift in Sources */ = {isa = PBXBuildFile; fileRef = 22067FA42586B1E600A0DEEC /* ApiServiceProvider.swift */; };
		22067FD92586B1E700A0DEEC /* HttpHeaderFields.swift in Sources */ = {isa = PBXBuildFile; fileRef = 22067FA52586B1E600A0DEEC /* HttpHeaderFields.swift */; };
		22067FDA2586B1E700A0DEEC /* BasicTokenCallback.swift in Sources */ = {isa = PBXBuildFile; fileRef = 22067FA92586B1E600A0DEEC /* BasicTokenCallback.swift */; };
		22067FDB2586B1E700A0DEEC /* BasicTokenResponseModel.swift in Sources */ = {isa = PBXBuildFile; fileRef = 22067FAB2586B1E600A0DEEC /* BasicTokenResponseModel.swift */; };
		22067FDC2586B1E700A0DEEC /* BasicTokenUsecase.swift in Sources */ = {isa = PBXBuildFile; fileRef = 22067FAD2586B1E600A0DEEC /* BasicTokenUsecase.swift */; };
		22067FDD2586B1E700A0DEEC /* BaseUseCase.swift in Sources */ = {isa = PBXBuildFile; fileRef = 22067FB02586B1E600A0DEEC /* BaseUseCase.swift */; };
		22067FDE2586B1E700A0DEEC /* BaseRequest.swift in Sources */ = {isa = PBXBuildFile; fileRef = 22067FB12586B1E600A0DEEC /* BaseRequest.swift */; };
		22067FDF2586B1E700A0DEEC /* UseCaseCallback.swift in Sources */ = {isa = PBXBuildFile; fileRef = 22067FB22586B1E600A0DEEC /* UseCaseCallback.swift */; };
		22067FE02586B1E700A0DEEC /* BaseResponse.swift in Sources */ = {isa = PBXBuildFile; fileRef = 22067FB32586B1E600A0DEEC /* BaseResponse.swift */; };
		22067FE12586B1E700A0DEEC /* UseCaseListener.swift in Sources */ = {isa = PBXBuildFile; fileRef = 22067FB42586B1E600A0DEEC /* UseCaseListener.swift */; };
		22067FE22586B1E700A0DEEC /* SingleUseCase.swift in Sources */ = {isa = PBXBuildFile; fileRef = 22067FB52586B1E600A0DEEC /* SingleUseCase.swift */; };
		22067FE32586B1E700A0DEEC /* UseCaseCallbackInteractor.swift in Sources */ = {isa = PBXBuildFile; fileRef = 22067FB62586B1E600A0DEEC /* UseCaseCallbackInteractor.swift */; };
		22067FE42586B1E700A0DEEC /* CodableDataProtocol.swift in Sources */ = {isa = PBXBuildFile; fileRef = 22067FB92586B1E600A0DEEC /* CodableDataProtocol.swift */; };
		22067FE52586B1E700A0DEEC /* BaseUseCaseInterface.swift in Sources */ = {isa = PBXBuildFile; fileRef = 22067FBA2586B1E600A0DEEC /* BaseUseCaseInterface.swift */; };
		22067FE62586B1E700A0DEEC /* BaseResponseProtocol.swift in Sources */ = {isa = PBXBuildFile; fileRef = 22067FBB2586B1E600A0DEEC /* BaseResponseProtocol.swift */; };
		22067FE72586B1E700A0DEEC /* BaseUseCaseExtension.swift in Sources */ = {isa = PBXBuildFile; fileRef = 22067FBD2586B1E600A0DEEC /* BaseUseCaseExtension.swift */; };
		22067FE82586B1E700A0DEEC /* GenericErrorResponseModule.swift in Sources */ = {isa = PBXBuildFile; fileRef = 22067FBF2586B1E600A0DEEC /* GenericErrorResponseModule.swift */; };
		22067FE92586B1E700A0DEEC /* BaseErrorResponse.swift in Sources */ = {isa = PBXBuildFile; fileRef = 22067FC02586B1E600A0DEEC /* BaseErrorResponse.swift */; };
		22067FEA2586B1E700A0DEEC /* ApiConnectionErrorType.swift in Sources */ = {isa = PBXBuildFile; fileRef = 22067FC12586B1E600A0DEEC /* ApiConnectionErrorType.swift */; };
		22067FEB2586B1E700A0DEEC /* LoginCallback.swift in Sources */ = {isa = PBXBuildFile; fileRef = 22067FC42586B1E600A0DEEC /* LoginCallback.swift */; };
		22067FEC2586B1E700A0DEEC /* LoginRequestModel.swift in Sources */ = {isa = PBXBuildFile; fileRef = 22067FC62586B1E600A0DEEC /* LoginRequestModel.swift */; };
		22067FED2586B1E700A0DEEC /* LoginResponseModel.swift in Sources */ = {isa = PBXBuildFile; fileRef = 22067FC72586B1E600A0DEEC /* LoginResponseModel.swift */; };
		22067FEE2586B1E700A0DEEC /* LoginUsecase.swift in Sources */ = {isa = PBXBuildFile; fileRef = 22067FC92586B1E600A0DEEC /* LoginUsecase.swift */; };
		220680102586CA1500A0DEEC /* BasicTokenOperationsRemoteInterface.swift in Sources */ = {isa = PBXBuildFile; fileRef = 2206800F2586CA1500A0DEEC /* BasicTokenOperationsRemoteInterface.swift */; };
		220680142586CA3800A0DEEC /* BasicTokenOperationsRepositoryInterface.swift in Sources */ = {isa = PBXBuildFile; fileRef = 220680132586CA3800A0DEEC /* BasicTokenOperationsRepositoryInterface.swift */; };
		220680182586CA9800A0DEEC /* BasicTokenOperationsRemote.swift in Sources */ = {isa = PBXBuildFile; fileRef = 220680172586CA9800A0DEEC /* BasicTokenOperationsRemote.swift */; };
		2206801E2586CAF800A0DEEC /* BasicTokenOperationsRepository.swift in Sources */ = {isa = PBXBuildFile; fileRef = 2206801D2586CAF800A0DEEC /* BasicTokenOperationsRepository.swift */; };
		220680222586CB3300A0DEEC /* BasicTokenServices.swift in Sources */ = {isa = PBXBuildFile; fileRef = 220680212586CB3300A0DEEC /* BasicTokenServices.swift */; };
		220680262586CB3F00A0DEEC /* BasicTokenServiceModule.swift in Sources */ = {isa = PBXBuildFile; fileRef = 220680252586CB3F00A0DEEC /* BasicTokenServiceModule.swift */; };
		220680322586CDB000A0DEEC /* BasicTokenRequestModel.swift in Sources */ = {isa = PBXBuildFile; fileRef = 220680312586CDB000A0DEEC /* BasicTokenRequestModel.swift */; };
		E9E47A635B779D1C5AB817F6 /* Pods_MoveeWebService.framework in Frameworks */ = {isa = PBXBuildFile; fileRef = B58148EFC83AE13395DB9804 /* Pods_MoveeWebService.framework */; };
/* End PBXBuildFile section */

/* Begin PBXContainerItemProxy section */
		22067F7D2586B19900A0DEEC /* PBXContainerItemProxy */ = {
			isa = PBXContainerItemProxy;
			containerPortal = 22067F692586B19900A0DEEC /* Project object */;
			proxyType = 1;
			remoteGlobalIDString = 22067F712586B19900A0DEEC;
			remoteInfo = MoveeWebService;
		};
/* End PBXContainerItemProxy section */

/* Begin PBXFileReference section */
		22067F722586B19900A0DEEC /* MoveeWebService.framework */ = {isa = PBXFileReference; explicitFileType = wrapper.framework; includeInIndex = 0; path = MoveeWebService.framework; sourceTree = BUILT_PRODUCTS_DIR; };
		22067F752586B19900A0DEEC /* MoveeWebService.h */ = {isa = PBXFileReference; lastKnownFileType = sourcecode.c.h; path = MoveeWebService.h; sourceTree = "<group>"; };
		22067F762586B19900A0DEEC /* Info.plist */ = {isa = PBXFileReference; lastKnownFileType = text.plist.xml; path = Info.plist; sourceTree = "<group>"; };
		22067F7B2586B19900A0DEEC /* MoveeWebServiceTests.xctest */ = {isa = PBXFileReference; explicitFileType = wrapper.cfbundle; includeInIndex = 0; path = MoveeWebServiceTests.xctest; sourceTree = BUILT_PRODUCTS_DIR; };
		22067F802586B19900A0DEEC /* MoveeWebServiceTests.swift */ = {isa = PBXFileReference; lastKnownFileType = sourcecode.swift; path = MoveeWebServiceTests.swift; sourceTree = "<group>"; };
		22067F822586B19900A0DEEC /* Info.plist */ = {isa = PBXFileReference; lastKnownFileType = text.plist.xml; path = Info.plist; sourceTree = "<group>"; };
		22067F902586B1E600A0DEEC /* Endpoints.swift */ = {isa = PBXFileReference; fileEncoding = 4; lastKnownFileType = sourcecode.swift; path = Endpoints.swift; sourceTree = "<group>"; };
		22067F932586B1E600A0DEEC /* LoginOperationsRemoteInterface.swift */ = {isa = PBXFileReference; fileEncoding = 4; lastKnownFileType = sourcecode.swift; path = LoginOperationsRemoteInterface.swift; sourceTree = "<group>"; };
		22067F942586B1E600A0DEEC /* LoginOperationsRepositoryInterface.swift */ = {isa = PBXFileReference; fileEncoding = 4; lastKnownFileType = sourcecode.swift; path = LoginOperationsRepositoryInterface.swift; sourceTree = "<group>"; };
		22067F962586B1E600A0DEEC /* LoginOperationsRepository.swift */ = {isa = PBXFileReference; fileEncoding = 4; lastKnownFileType = sourcecode.swift; path = LoginOperationsRepository.swift; sourceTree = "<group>"; };
		22067F982586B1E600A0DEEC /* LoginServices.swift */ = {isa = PBXFileReference; fileEncoding = 4; lastKnownFileType = sourcecode.swift; path = LoginServices.swift; sourceTree = "<group>"; };
		22067F992586B1E600A0DEEC /* LoginServiceModule.swift */ = {isa = PBXFileReference; fileEncoding = 4; lastKnownFileType = sourcecode.swift; path = LoginServiceModule.swift; sourceTree = "<group>"; };
		22067F9B2586B1E600A0DEEC /* LoginOperationsRemote.swift */ = {isa = PBXFileReference; fileEncoding = 4; lastKnownFileType = sourcecode.swift; path = LoginOperationsRemote.swift; sourceTree = "<group>"; };
		22067F9D2586B1E600A0DEEC /* HttpClientInterface.swift */ = {isa = PBXFileReference; fileEncoding = 4; lastKnownFileType = sourcecode.swift; path = HttpClientInterface.swift; sourceTree = "<group>"; };
		22067F9E2586B1E600A0DEEC /* ApiInterceptor.swift */ = {isa = PBXFileReference; fileEncoding = 4; lastKnownFileType = sourcecode.swift; path = ApiInterceptor.swift; sourceTree = "<group>"; };
		22067F9F2586B1E600A0DEEC /* EncodableExtension.swift */ = {isa = PBXFileReference; fileEncoding = 4; lastKnownFileType = sourcecode.swift; path = EncodableExtension.swift; sourceTree = "<group>"; };
		22067FA02586B1E600A0DEEC /* ApiManager.swift */ = {isa = PBXFileReference; fileEncoding = 4; lastKnownFileType = sourcecode.swift; path = ApiManager.swift; sourceTree = "<group>"; };
		22067FA12586B1E600A0DEEC /* ApiEventMonitor.swift */ = {isa = PBXFileReference; fileEncoding = 4; lastKnownFileType = sourcecode.swift; path = ApiEventMonitor.swift; sourceTree = "<group>"; };
		22067FA22586B1E600A0DEEC /* ApiRetrier.swift */ = {isa = PBXFileReference; fileEncoding = 4; lastKnownFileType = sourcecode.swift; path = ApiRetrier.swift; sourceTree = "<group>"; };
		22067FA32586B1E600A0DEEC /* ApiAdapter.swift */ = {isa = PBXFileReference; fileEncoding = 4; lastKnownFileType = sourcecode.swift; path = ApiAdapter.swift; sourceTree = "<group>"; };
		22067FA42586B1E600A0DEEC /* ApiServiceProvider.swift */ = {isa = PBXFileReference; fileEncoding = 4; lastKnownFileType = sourcecode.swift; path = ApiServiceProvider.swift; sourceTree = "<group>"; };
		22067FA52586B1E600A0DEEC /* HttpHeaderFields.swift */ = {isa = PBXFileReference; fileEncoding = 4; lastKnownFileType = sourcecode.swift; path = HttpHeaderFields.swift; sourceTree = "<group>"; };
		22067FA92586B1E600A0DEEC /* BasicTokenCallback.swift */ = {isa = PBXFileReference; fileEncoding = 4; lastKnownFileType = sourcecode.swift; path = BasicTokenCallback.swift; sourceTree = "<group>"; };
		22067FAB2586B1E600A0DEEC /* BasicTokenResponseModel.swift */ = {isa = PBXFileReference; fileEncoding = 4; lastKnownFileType = sourcecode.swift; path = BasicTokenResponseModel.swift; sourceTree = "<group>"; };
		22067FAD2586B1E600A0DEEC /* BasicTokenUsecase.swift */ = {isa = PBXFileReference; fileEncoding = 4; lastKnownFileType = sourcecode.swift; path = BasicTokenUsecase.swift; sourceTree = "<group>"; };
		22067FB02586B1E600A0DEEC /* BaseUseCase.swift */ = {isa = PBXFileReference; fileEncoding = 4; lastKnownFileType = sourcecode.swift; path = BaseUseCase.swift; sourceTree = "<group>"; };
		22067FB12586B1E600A0DEEC /* BaseRequest.swift */ = {isa = PBXFileReference; fileEncoding = 4; lastKnownFileType = sourcecode.swift; path = BaseRequest.swift; sourceTree = "<group>"; };
		22067FB22586B1E600A0DEEC /* UseCaseCallback.swift */ = {isa = PBXFileReference; fileEncoding = 4; lastKnownFileType = sourcecode.swift; path = UseCaseCallback.swift; sourceTree = "<group>"; };
		22067FB32586B1E600A0DEEC /* BaseResponse.swift */ = {isa = PBXFileReference; fileEncoding = 4; lastKnownFileType = sourcecode.swift; path = BaseResponse.swift; sourceTree = "<group>"; };
		22067FB42586B1E600A0DEEC /* UseCaseListener.swift */ = {isa = PBXFileReference; fileEncoding = 4; lastKnownFileType = sourcecode.swift; path = UseCaseListener.swift; sourceTree = "<group>"; };
		22067FB52586B1E600A0DEEC /* SingleUseCase.swift */ = {isa = PBXFileReference; fileEncoding = 4; lastKnownFileType = sourcecode.swift; path = SingleUseCase.swift; sourceTree = "<group>"; };
		22067FB62586B1E600A0DEEC /* UseCaseCallbackInteractor.swift */ = {isa = PBXFileReference; fileEncoding = 4; lastKnownFileType = sourcecode.swift; path = UseCaseCallbackInteractor.swift; sourceTree = "<group>"; };
		22067FB92586B1E600A0DEEC /* CodableDataProtocol.swift */ = {isa = PBXFileReference; fileEncoding = 4; lastKnownFileType = sourcecode.swift; path = CodableDataProtocol.swift; sourceTree = "<group>"; };
		22067FBA2586B1E600A0DEEC /* BaseUseCaseInterface.swift */ = {isa = PBXFileReference; fileEncoding = 4; lastKnownFileType = sourcecode.swift; path = BaseUseCaseInterface.swift; sourceTree = "<group>"; };
		22067FBB2586B1E600A0DEEC /* BaseResponseProtocol.swift */ = {isa = PBXFileReference; fileEncoding = 4; lastKnownFileType = sourcecode.swift; path = BaseResponseProtocol.swift; sourceTree = "<group>"; };
		22067FBD2586B1E600A0DEEC /* BaseUseCaseExtension.swift */ = {isa = PBXFileReference; fileEncoding = 4; lastKnownFileType = sourcecode.swift; path = BaseUseCaseExtension.swift; sourceTree = "<group>"; };
		22067FBF2586B1E600A0DEEC /* GenericErrorResponseModule.swift */ = {isa = PBXFileReference; fileEncoding = 4; lastKnownFileType = sourcecode.swift; path = GenericErrorResponseModule.swift; sourceTree = "<group>"; };
		22067FC02586B1E600A0DEEC /* BaseErrorResponse.swift */ = {isa = PBXFileReference; fileEncoding = 4; lastKnownFileType = sourcecode.swift; path = BaseErrorResponse.swift; sourceTree = "<group>"; };
		22067FC12586B1E600A0DEEC /* ApiConnectionErrorType.swift */ = {isa = PBXFileReference; fileEncoding = 4; lastKnownFileType = sourcecode.swift; path = ApiConnectionErrorType.swift; sourceTree = "<group>"; };
		22067FC42586B1E600A0DEEC /* LoginCallback.swift */ = {isa = PBXFileReference; fileEncoding = 4; lastKnownFileType = sourcecode.swift; path = LoginCallback.swift; sourceTree = "<group>"; };
		22067FC62586B1E600A0DEEC /* LoginRequestModel.swift */ = {isa = PBXFileReference; fileEncoding = 4; lastKnownFileType = sourcecode.swift; path = LoginRequestModel.swift; sourceTree = "<group>"; };
		22067FC72586B1E600A0DEEC /* LoginResponseModel.swift */ = {isa = PBXFileReference; fileEncoding = 4; lastKnownFileType = sourcecode.swift; path = LoginResponseModel.swift; sourceTree = "<group>"; };
		22067FC92586B1E600A0DEEC /* LoginUsecase.swift */ = {isa = PBXFileReference; fileEncoding = 4; lastKnownFileType = sourcecode.swift; path = LoginUsecase.swift; sourceTree = "<group>"; };
		2206800F2586CA1500A0DEEC /* BasicTokenOperationsRemoteInterface.swift */ = {isa = PBXFileReference; lastKnownFileType = sourcecode.swift; path = BasicTokenOperationsRemoteInterface.swift; sourceTree = "<group>"; };
		220680132586CA3800A0DEEC /* BasicTokenOperationsRepositoryInterface.swift */ = {isa = PBXFileReference; lastKnownFileType = sourcecode.swift; path = BasicTokenOperationsRepositoryInterface.swift; sourceTree = "<group>"; };
		220680172586CA9800A0DEEC /* BasicTokenOperationsRemote.swift */ = {isa = PBXFileReference; lastKnownFileType = sourcecode.swift; path = BasicTokenOperationsRemote.swift; sourceTree = "<group>"; };
		2206801D2586CAF800A0DEEC /* BasicTokenOperationsRepository.swift */ = {isa = PBXFileReference; lastKnownFileType = sourcecode.swift; path = BasicTokenOperationsRepository.swift; sourceTree = "<group>"; };
		220680212586CB3300A0DEEC /* BasicTokenServices.swift */ = {isa = PBXFileReference; lastKnownFileType = sourcecode.swift; path = BasicTokenServices.swift; sourceTree = "<group>"; };
		220680252586CB3F00A0DEEC /* BasicTokenServiceModule.swift */ = {isa = PBXFileReference; lastKnownFileType = sourcecode.swift; path = BasicTokenServiceModule.swift; sourceTree = "<group>"; };
		220680312586CDB000A0DEEC /* BasicTokenRequestModel.swift */ = {isa = PBXFileReference; lastKnownFileType = sourcecode.swift; path = BasicTokenRequestModel.swift; sourceTree = "<group>"; };
		349A999EBBCBBBE118FA115B /* Pods-MoveeWebService.release.xcconfig */ = {isa = PBXFileReference; includeInIndex = 1; lastKnownFileType = text.xcconfig; name = "Pods-MoveeWebService.release.xcconfig"; path = "Target Support Files/Pods-MoveeWebService/Pods-MoveeWebService.release.xcconfig"; sourceTree = "<group>"; };
		45B097A469A5E7FD207F41A4 /* Pods-MoveeWebService.debug.xcconfig */ = {isa = PBXFileReference; includeInIndex = 1; lastKnownFileType = text.xcconfig; name = "Pods-MoveeWebService.debug.xcconfig"; path = "Target Support Files/Pods-MoveeWebService/Pods-MoveeWebService.debug.xcconfig"; sourceTree = "<group>"; };
		B58148EFC83AE13395DB9804 /* Pods_MoveeWebService.framework */ = {isa = PBXFileReference; explicitFileType = wrapper.framework; includeInIndex = 0; path = Pods_MoveeWebService.framework; sourceTree = BUILT_PRODUCTS_DIR; };
/* End PBXFileReference section */

/* Begin PBXFrameworksBuildPhase section */
		22067F6F2586B19900A0DEEC /* Frameworks */ = {
			isa = PBXFrameworksBuildPhase;
			buildActionMask = 2147483647;
			files = (
				E9E47A635B779D1C5AB817F6 /* Pods_MoveeWebService.framework in Frameworks */,
			);
			runOnlyForDeploymentPostprocessing = 0;
		};
		22067F782586B19900A0DEEC /* Frameworks */ = {
			isa = PBXFrameworksBuildPhase;
			buildActionMask = 2147483647;
			files = (
				22067F7C2586B19900A0DEEC /* MoveeWebService.framework in Frameworks */,
			);
			runOnlyForDeploymentPostprocessing = 0;
		};
/* End PBXFrameworksBuildPhase section */

/* Begin PBXGroup section */
		22067F682586B19900A0DEEC = {
			isa = PBXGroup;
			children = (
				22067F742586B19900A0DEEC /* MoveeWebService */,
				22067F7F2586B19900A0DEEC /* MoveeWebServiceTests */,
				22067F732586B19900A0DEEC /* Products */,
				94918B23C00F3818427D6E7F /* Pods */,
				D768C188B58C1A308486A3F5 /* Frameworks */,
			);
			sourceTree = "<group>";
		};
		22067F732586B19900A0DEEC /* Products */ = {
			isa = PBXGroup;
			children = (
				22067F722586B19900A0DEEC /* MoveeWebService.framework */,
				22067F7B2586B19900A0DEEC /* MoveeWebServiceTests.xctest */,
			);
			name = Products;
			sourceTree = "<group>";
		};
		22067F742586B19900A0DEEC /* MoveeWebService */ = {
			isa = PBXGroup;
			children = (
				22067F9C2586B1E600A0DEEC /* ApiLayers */,
				22067F8E2586B1E600A0DEEC /* DataLayer */,
				22067FA62586B1E600A0DEEC /* DomainLayer */,
				22067F752586B19900A0DEEC /* MoveeWebService.h */,
				22067F762586B19900A0DEEC /* Info.plist */,
			);
			path = MoveeWebService;
			sourceTree = "<group>";
		};
		22067F7F2586B19900A0DEEC /* MoveeWebServiceTests */ = {
			isa = PBXGroup;
			children = (
				22067F802586B19900A0DEEC /* MoveeWebServiceTests.swift */,
				22067F822586B19900A0DEEC /* Info.plist */,
			);
			path = MoveeWebServiceTests;
			sourceTree = "<group>";
		};
		22067F8E2586B1E600A0DEEC /* DataLayer */ = {
			isa = PBXGroup;
			children = (
				220680052586C98E00A0DEEC /* BasicToken */,
				22067F8F2586B1E600A0DEEC /* Endpoints */,
				22067F912586B1E600A0DEEC /* Login */,
			);
			path = DataLayer;
			sourceTree = "<group>";
		};
		22067F8F2586B1E600A0DEEC /* Endpoints */ = {
			isa = PBXGroup;
			children = (
				22067F902586B1E600A0DEEC /* Endpoints.swift */,
			);
			path = Endpoints;
			sourceTree = "<group>";
		};
		22067F912586B1E600A0DEEC /* Login */ = {
			isa = PBXGroup;
			children = (
				22067F922586B1E600A0DEEC /* Interface */,
				22067F9A2586B1E600A0DEEC /* Remote */,
				22067F952586B1E600A0DEEC /* Repositories */,
				22067F972586B1E600A0DEEC /* ServiceModules */,
			);
			path = Login;
			sourceTree = "<group>";
		};
		22067F922586B1E600A0DEEC /* Interface */ = {
			isa = PBXGroup;
			children = (
				22067F932586B1E600A0DEEC /* LoginOperationsRemoteInterface.swift */,
				22067F942586B1E600A0DEEC /* LoginOperationsRepositoryInterface.swift */,
			);
			path = Interface;
			sourceTree = "<group>";
		};
		22067F952586B1E600A0DEEC /* Repositories */ = {
			isa = PBXGroup;
			children = (
				22067F962586B1E600A0DEEC /* LoginOperationsRepository.swift */,
			);
			path = Repositories;
			sourceTree = "<group>";
		};
		22067F972586B1E600A0DEEC /* ServiceModules */ = {
			isa = PBXGroup;
			children = (
				22067F982586B1E600A0DEEC /* LoginServices.swift */,
				22067F992586B1E600A0DEEC /* LoginServiceModule.swift */,
			);
			path = ServiceModules;
			sourceTree = "<group>";
		};
		22067F9A2586B1E600A0DEEC /* Remote */ = {
			isa = PBXGroup;
			children = (
				22067F9B2586B1E600A0DEEC /* LoginOperationsRemote.swift */,
			);
			path = Remote;
			sourceTree = "<group>";
		};
		22067F9C2586B1E600A0DEEC /* ApiLayers */ = {
			isa = PBXGroup;
			children = (
				22067F9D2586B1E600A0DEEC /* HttpClientInterface.swift */,
				22067F9E2586B1E600A0DEEC /* ApiInterceptor.swift */,
				22067F9F2586B1E600A0DEEC /* EncodableExtension.swift */,
				22067FA02586B1E600A0DEEC /* ApiManager.swift */,
				22067FA12586B1E600A0DEEC /* ApiEventMonitor.swift */,
				22067FA22586B1E600A0DEEC /* ApiRetrier.swift */,
				22067FA32586B1E600A0DEEC /* ApiAdapter.swift */,
				22067FA42586B1E600A0DEEC /* ApiServiceProvider.swift */,
				22067FA52586B1E600A0DEEC /* HttpHeaderFields.swift */,
			);
			path = ApiLayers;
			sourceTree = "<group>";
		};
		22067FA62586B1E600A0DEEC /* DomainLayer */ = {
			isa = PBXGroup;
			children = (
				22067FA72586B1E600A0DEEC /* BasicToken */,
				22067FAE2586B1E600A0DEEC /* SupportingFiles */,
				22067FC22586B1E600A0DEEC /* Login */,
			);
			path = DomainLayer;
			sourceTree = "<group>";
		};
		22067FA72586B1E600A0DEEC /* BasicToken */ = {
			isa = PBXGroup;
			children = (
				22067FA82586B1E600A0DEEC /* Callbacks */,
				22067FAA2586B1E600A0DEEC /* Models */,
				22067FAC2586B1E600A0DEEC /* Usecases */,
			);
			path = BasicToken;
			sourceTree = "<group>";
		};
		22067FA82586B1E600A0DEEC /* Callbacks */ = {
			isa = PBXGroup;
			children = (
				22067FA92586B1E600A0DEEC /* BasicTokenCallback.swift */,
			);
			path = Callbacks;
			sourceTree = "<group>";
		};
		22067FAA2586B1E600A0DEEC /* Models */ = {
			isa = PBXGroup;
			children = (
				22067FAB2586B1E600A0DEEC /* BasicTokenResponseModel.swift */,
				220680312586CDB000A0DEEC /* BasicTokenRequestModel.swift */,
			);
			path = Models;
			sourceTree = "<group>";
		};
		22067FAC2586B1E600A0DEEC /* Usecases */ = {
			isa = PBXGroup;
			children = (
				22067FAD2586B1E600A0DEEC /* BasicTokenUsecase.swift */,
			);
			path = Usecases;
			sourceTree = "<group>";
		};
		22067FAE2586B1E600A0DEEC /* SupportingFiles */ = {
			isa = PBXGroup;
			children = (
				22067FAF2586B1E600A0DEEC /* BaseClasses */,
				22067FB72586B1E600A0DEEC /* BaseClasses 2 */,
				22067FB82586B1E600A0DEEC /* BaseProtocols */,
				22067FBC2586B1E600A0DEEC /* Extensions */,
				22067FBE2586B1E600A0DEEC /* BaseModels */,
			);
			path = SupportingFiles;
			sourceTree = "<group>";
		};
		22067FAF2586B1E600A0DEEC /* BaseClasses */ = {
			isa = PBXGroup;
			children = (
				22067FB02586B1E600A0DEEC /* BaseUseCase.swift */,
				22067FB12586B1E600A0DEEC /* BaseRequest.swift */,
				22067FB22586B1E600A0DEEC /* UseCaseCallback.swift */,
				22067FB32586B1E600A0DEEC /* BaseResponse.swift */,
				22067FB42586B1E600A0DEEC /* UseCaseListener.swift */,
				22067FB52586B1E600A0DEEC /* SingleUseCase.swift */,
				22067FB62586B1E600A0DEEC /* UseCaseCallbackInteractor.swift */,
			);
			path = BaseClasses;
			sourceTree = "<group>";
		};
		22067FB72586B1E600A0DEEC /* BaseClasses 2 */ = {
			isa = PBXGroup;
			children = (
			);
			path = "BaseClasses 2";
			sourceTree = "<group>";
		};
		22067FB82586B1E600A0DEEC /* BaseProtocols */ = {
			isa = PBXGroup;
			children = (
				22067FB92586B1E600A0DEEC /* CodableDataProtocol.swift */,
				22067FBA2586B1E600A0DEEC /* BaseUseCaseInterface.swift */,
				22067FBB2586B1E600A0DEEC /* BaseResponseProtocol.swift */,
			);
			path = BaseProtocols;
			sourceTree = "<group>";
		};
		22067FBC2586B1E600A0DEEC /* Extensions */ = {
			isa = PBXGroup;
			children = (
				22067FBD2586B1E600A0DEEC /* BaseUseCaseExtension.swift */,
			);
			path = Extensions;
			sourceTree = "<group>";
		};
		22067FBE2586B1E600A0DEEC /* BaseModels */ = {
			isa = PBXGroup;
			children = (
				22067FBF2586B1E600A0DEEC /* GenericErrorResponseModule.swift */,
				22067FC02586B1E600A0DEEC /* BaseErrorResponse.swift */,
				22067FC12586B1E600A0DEEC /* ApiConnectionErrorType.swift */,
			);
			path = BaseModels;
			sourceTree = "<group>";
		};
		22067FC22586B1E600A0DEEC /* Login */ = {
			isa = PBXGroup;
			children = (
				22067FC32586B1E600A0DEEC /* Callbacks */,
				22067FC52586B1E600A0DEEC /* Models */,
				22067FC82586B1E600A0DEEC /* Usecases */,
			);
			path = Login;
			sourceTree = "<group>";
		};
		22067FC32586B1E600A0DEEC /* Callbacks */ = {
			isa = PBXGroup;
			children = (
				22067FC42586B1E600A0DEEC /* LoginCallback.swift */,
			);
			path = Callbacks;
			sourceTree = "<group>";
		};
		22067FC52586B1E600A0DEEC /* Models */ = {
			isa = PBXGroup;
			children = (
				22067FC62586B1E600A0DEEC /* LoginRequestModel.swift */,
				22067FC72586B1E600A0DEEC /* LoginResponseModel.swift */,
			);
			path = Models;
			sourceTree = "<group>";
		};
		22067FC82586B1E600A0DEEC /* Usecases */ = {
			isa = PBXGroup;
			children = (
				22067FC92586B1E600A0DEEC /* LoginUsecase.swift */,
			);
			path = Usecases;
			sourceTree = "<group>";
		};
		220680052586C98E00A0DEEC /* BasicToken */ = {
			isa = PBXGroup;
			children = (
				220680082586C9B100A0DEEC /* Interface */,
				2206800C2586C9CB00A0DEEC /* Remote */,
				2206800B2586C9BF00A0DEEC /* Repositories */,
				220680092586C9B700A0DEEC /* ServiceModules */,
			);
			path = BasicToken;
			sourceTree = "<group>";
		};
		220680082586C9B100A0DEEC /* Interface */ = {
			isa = PBXGroup;
			children = (
				2206800F2586CA1500A0DEEC /* BasicTokenOperationsRemoteInterface.swift */,
				220680132586CA3800A0DEEC /* BasicTokenOperationsRepositoryInterface.swift */,
			);
			path = Interface;
			sourceTree = "<group>";
		};
		220680092586C9B700A0DEEC /* ServiceModules */ = {
			isa = PBXGroup;
			children = (
				220680212586CB3300A0DEEC /* BasicTokenServices.swift */,
				220680252586CB3F00A0DEEC /* BasicTokenServiceModule.swift */,
			);
			path = ServiceModules;
			sourceTree = "<group>";
		};
		2206800B2586C9BF00A0DEEC /* Repositories */ = {
			isa = PBXGroup;
			children = (
				2206801D2586CAF800A0DEEC /* BasicTokenOperationsRepository.swift */,
			);
			path = Repositories;
			sourceTree = "<group>";
		};
		2206800C2586C9CB00A0DEEC /* Remote */ = {
			isa = PBXGroup;
			children = (
				220680172586CA9800A0DEEC /* BasicTokenOperationsRemote.swift */,
			);
			path = Remote;
			sourceTree = "<group>";
		};
		94918B23C00F3818427D6E7F /* Pods */ = {
			isa = PBXGroup;
			children = (
				45B097A469A5E7FD207F41A4 /* Pods-MoveeWebService.debug.xcconfig */,
				349A999EBBCBBBE118FA115B /* Pods-MoveeWebService.release.xcconfig */,
			);
			name = Pods;
			path = ../Pods;
			sourceTree = "<group>";
		};
		D768C188B58C1A308486A3F5 /* Frameworks */ = {
			isa = PBXGroup;
			children = (
				B58148EFC83AE13395DB9804 /* Pods_MoveeWebService.framework */,
			);
			name = Frameworks;
			sourceTree = "<group>";
		};
/* End PBXGroup section */

/* Begin PBXHeadersBuildPhase section */
		22067F6D2586B19900A0DEEC /* Headers */ = {
			isa = PBXHeadersBuildPhase;
			buildActionMask = 2147483647;
			files = (
				22067F832586B19900A0DEEC /* MoveeWebService.h in Headers */,
			);
			runOnlyForDeploymentPostprocessing = 0;
		};
/* End PBXHeadersBuildPhase section */

/* Begin PBXNativeTarget section */
		22067F712586B19900A0DEEC /* MoveeWebService */ = {
			isa = PBXNativeTarget;
			buildConfigurationList = 22067F862586B19900A0DEEC /* Build configuration list for PBXNativeTarget "MoveeWebService" */;
			buildPhases = (
				56BBC11E7ACBF4159FBAF3D4 /* [CP] Check Pods Manifest.lock */,
				22067F6D2586B19900A0DEEC /* Headers */,
				22067F6E2586B19900A0DEEC /* Sources */,
				22067F6F2586B19900A0DEEC /* Frameworks */,
				22067F702586B19900A0DEEC /* Resources */,
			);
			buildRules = (
			);
			dependencies = (
			);
			name = MoveeWebService;
			productName = MoveeWebService;
			productReference = 22067F722586B19900A0DEEC /* MoveeWebService.framework */;
			productType = "com.apple.product-type.framework";
		};
		22067F7A2586B19900A0DEEC /* MoveeWebServiceTests */ = {
			isa = PBXNativeTarget;
			buildConfigurationList = 22067F892586B19900A0DEEC /* Build configuration list for PBXNativeTarget "MoveeWebServiceTests" */;
			buildPhases = (
				22067F772586B19900A0DEEC /* Sources */,
				22067F782586B19900A0DEEC /* Frameworks */,
				22067F792586B19900A0DEEC /* Resources */,
			);
			buildRules = (
			);
			dependencies = (
				22067F7E2586B19900A0DEEC /* PBXTargetDependency */,
			);
			name = MoveeWebServiceTests;
			productName = MoveeWebServiceTests;
			productReference = 22067F7B2586B19900A0DEEC /* MoveeWebServiceTests.xctest */;
			productType = "com.apple.product-type.bundle.unit-test";
		};
/* End PBXNativeTarget section */

/* Begin PBXProject section */
		22067F692586B19900A0DEEC /* Project object */ = {
			isa = PBXProject;
			attributes = {
				LastSwiftUpdateCheck = 1220;
				LastUpgradeCheck = 1220;
				TargetAttributes = {
					22067F712586B19900A0DEEC = {
						CreatedOnToolsVersion = 12.2;
					};
					22067F7A2586B19900A0DEEC = {
						CreatedOnToolsVersion = 12.2;
					};
				};
			};
			buildConfigurationList = 22067F6C2586B19900A0DEEC /* Build configuration list for PBXProject "MoveeWebService" */;
			compatibilityVersion = "Xcode 9.3";
			developmentRegion = en;
			hasScannedForEncodings = 0;
			knownRegions = (
				en,
				Base,
			);
			mainGroup = 22067F682586B19900A0DEEC;
			productRefGroup = 22067F732586B19900A0DEEC /* Products */;
			projectDirPath = "";
			projectRoot = "";
			targets = (
				22067F712586B19900A0DEEC /* MoveeWebService */,
				22067F7A2586B19900A0DEEC /* MoveeWebServiceTests */,
			);
		};
/* End PBXProject section */

/* Begin PBXResourcesBuildPhase section */
		22067F702586B19900A0DEEC /* Resources */ = {
			isa = PBXResourcesBuildPhase;
			buildActionMask = 2147483647;
			files = (
			);
			runOnlyForDeploymentPostprocessing = 0;
		};
		22067F792586B19900A0DEEC /* Resources */ = {
			isa = PBXResourcesBuildPhase;
			buildActionMask = 2147483647;
			files = (
			);
			runOnlyForDeploymentPostprocessing = 0;
		};
/* End PBXResourcesBuildPhase section */

/* Begin PBXShellScriptBuildPhase section */
		56BBC11E7ACBF4159FBAF3D4 /* [CP] Check Pods Manifest.lock */ = {
			isa = PBXShellScriptBuildPhase;
			buildActionMask = 2147483647;
			files = (
			);
			inputFileListPaths = (
			);
			inputPaths = (
				"${PODS_PODFILE_DIR_PATH}/Podfile.lock",
				"${PODS_ROOT}/Manifest.lock",
			);
			name = "[CP] Check Pods Manifest.lock";
			outputFileListPaths = (
			);
			outputPaths = (
				"$(DERIVED_FILE_DIR)/Pods-MoveeWebService-checkManifestLockResult.txt",
			);
			runOnlyForDeploymentPostprocessing = 0;
			shellPath = /bin/sh;
			shellScript = "diff \"${PODS_PODFILE_DIR_PATH}/Podfile.lock\" \"${PODS_ROOT}/Manifest.lock\" > /dev/null\nif [ $? != 0 ] ; then\n    # print error to STDERR\n    echo \"error: The sandbox is not in sync with the Podfile.lock. Run 'pod install' or update your CocoaPods installation.\" >&2\n    exit 1\nfi\n# This output is used by Xcode 'outputs' to avoid re-running this script phase.\necho \"SUCCESS\" > \"${SCRIPT_OUTPUT_FILE_0}\"\n";
			showEnvVarsInLog = 0;
		};
/* End PBXShellScriptBuildPhase section */

/* Begin PBXSourcesBuildPhase section */
		22067F6E2586B19900A0DEEC /* Sources */ = {
			isa = PBXSourcesBuildPhase;
			buildActionMask = 2147483647;
			files = (
				22067FE72586B1E700A0DEEC /* BaseUseCaseExtension.swift in Sources */,
				22067FCC2586B1E700A0DEEC /* LoginOperationsRepositoryInterface.swift in Sources */,
				22067FEB2586B1E700A0DEEC /* LoginCallback.swift in Sources */,
				2206801E2586CAF800A0DEEC /* BasicTokenOperationsRepository.swift in Sources */,
				22067FD92586B1E700A0DEEC /* HttpHeaderFields.swift in Sources */,
				22067FCF2586B1E700A0DEEC /* LoginServiceModule.swift in Sources */,
				22067FD02586B1E700A0DEEC /* LoginOperationsRemote.swift in Sources */,
				22067FEC2586B1E700A0DEEC /* LoginRequestModel.swift in Sources */,
				22067FE62586B1E700A0DEEC /* BaseResponseProtocol.swift in Sources */,
				22067FEE2586B1E700A0DEEC /* LoginUsecase.swift in Sources */,
				22067FE92586B1E700A0DEEC /* BaseErrorResponse.swift in Sources */,
				22067FDB2586B1E700A0DEEC /* BasicTokenResponseModel.swift in Sources */,
				22067FD32586B1E700A0DEEC /* EncodableExtension.swift in Sources */,
				220680222586CB3300A0DEEC /* BasicTokenServices.swift in Sources */,
				22067FEA2586B1E700A0DEEC /* ApiConnectionErrorType.swift in Sources */,
				22067FE52586B1E700A0DEEC /* BaseUseCaseInterface.swift in Sources */,
				22067FDA2586B1E700A0DEEC /* BasicTokenCallback.swift in Sources */,
				22067FE32586B1E700A0DEEC /* UseCaseCallbackInteractor.swift in Sources */,
				22067FE42586B1E700A0DEEC /* CodableDataProtocol.swift in Sources */,
				22067FD22586B1E700A0DEEC /* ApiInterceptor.swift in Sources */,
				22067FDD2586B1E700A0DEEC /* BaseUseCase.swift in Sources */,
				22067FCA2586B1E700A0DEEC /* Endpoints.swift in Sources */,
				220680142586CA3800A0DEEC /* BasicTokenOperationsRepositoryInterface.swift in Sources */,
				22067FE82586B1E700A0DEEC /* GenericErrorResponseModule.swift in Sources */,
				22067FD72586B1E700A0DEEC /* ApiAdapter.swift in Sources */,
				22067FD42586B1E700A0DEEC /* ApiManager.swift in Sources */,
				22067FDF2586B1E700A0DEEC /* UseCaseCallback.swift in Sources */,
				220680262586CB3F00A0DEEC /* BasicTokenServiceModule.swift in Sources */,
				22067FD82586B1E700A0DEEC /* ApiServiceProvider.swift in Sources */,
				22067FED2586B1E700A0DEEC /* LoginResponseModel.swift in Sources */,
				22067FD12586B1E700A0DEEC /* HttpClientInterface.swift in Sources */,
				22067FE22586B1E700A0DEEC /* SingleUseCase.swift in Sources */,
				220680322586CDB000A0DEEC /* BasicTokenRequestModel.swift in Sources */,
				22067FE12586B1E700A0DEEC /* UseCaseListener.swift in Sources */,
				220680102586CA1500A0DEEC /* BasicTokenOperationsRemoteInterface.swift in Sources */,
				22067FD52586B1E700A0DEEC /* ApiEventMonitor.swift in Sources */,
				22067FCB2586B1E700A0DEEC /* LoginOperationsRemoteInterface.swift in Sources */,
				22067FD62586B1E700A0DEEC /* ApiRetrier.swift in Sources */,
				22067FDE2586B1E700A0DEEC /* BaseRequest.swift in Sources */,
				22067FCD2586B1E700A0DEEC /* LoginOperationsRepository.swift in Sources */,
				22067FDC2586B1E700A0DEEC /* BasicTokenUsecase.swift in Sources */,
				22067FCE2586B1E700A0DEEC /* LoginServices.swift in Sources */,
				22067FE02586B1E700A0DEEC /* BaseResponse.swift in Sources */,
				220680182586CA9800A0DEEC /* BasicTokenOperationsRemote.swift in Sources */,
			);
			runOnlyForDeploymentPostprocessing = 0;
		};
		22067F772586B19900A0DEEC /* Sources */ = {
			isa = PBXSourcesBuildPhase;
			buildActionMask = 2147483647;
			files = (
				22067F812586B19900A0DEEC /* MoveeWebServiceTests.swift in Sources */,
			);
			runOnlyForDeploymentPostprocessing = 0;
		};
/* End PBXSourcesBuildPhase section */

/* Begin PBXTargetDependency section */
		22067F7E2586B19900A0DEEC /* PBXTargetDependency */ = {
			isa = PBXTargetDependency;
			target = 22067F712586B19900A0DEEC /* MoveeWebService */;
			targetProxy = 22067F7D2586B19900A0DEEC /* PBXContainerItemProxy */;
		};
/* End PBXTargetDependency section */

/* Begin XCBuildConfiguration section */
		22067F842586B19900A0DEEC /* Debug */ = {
			isa = XCBuildConfiguration;
			buildSettings = {
				ALWAYS_SEARCH_USER_PATHS = NO;
				CLANG_ANALYZER_NONNULL = YES;
				CLANG_ANALYZER_NUMBER_OBJECT_CONVERSION = YES_AGGRESSIVE;
				CLANG_CXX_LANGUAGE_STANDARD = "gnu++14";
				CLANG_CXX_LIBRARY = "libc++";
				CLANG_ENABLE_MODULES = YES;
				CLANG_ENABLE_OBJC_ARC = YES;
				CLANG_ENABLE_OBJC_WEAK = YES;
				CLANG_WARN_BLOCK_CAPTURE_AUTORELEASING = YES;
				CLANG_WARN_BOOL_CONVERSION = YES;
				CLANG_WARN_COMMA = YES;
				CLANG_WARN_CONSTANT_CONVERSION = YES;
				CLANG_WARN_DEPRECATED_OBJC_IMPLEMENTATIONS = YES;
				CLANG_WARN_DIRECT_OBJC_ISA_USAGE = YES_ERROR;
				CLANG_WARN_DOCUMENTATION_COMMENTS = YES;
				CLANG_WARN_EMPTY_BODY = YES;
				CLANG_WARN_ENUM_CONVERSION = YES;
				CLANG_WARN_INFINITE_RECURSION = YES;
				CLANG_WARN_INT_CONVERSION = YES;
				CLANG_WARN_NON_LITERAL_NULL_CONVERSION = YES;
				CLANG_WARN_OBJC_IMPLICIT_RETAIN_SELF = YES;
				CLANG_WARN_OBJC_LITERAL_CONVERSION = YES;
				CLANG_WARN_OBJC_ROOT_CLASS = YES_ERROR;
				CLANG_WARN_QUOTED_INCLUDE_IN_FRAMEWORK_HEADER = YES;
				CLANG_WARN_RANGE_LOOP_ANALYSIS = YES;
				CLANG_WARN_STRICT_PROTOTYPES = YES;
				CLANG_WARN_SUSPICIOUS_MOVE = YES;
				CLANG_WARN_UNGUARDED_AVAILABILITY = YES_AGGRESSIVE;
				CLANG_WARN_UNREACHABLE_CODE = YES;
				CLANG_WARN__DUPLICATE_METHOD_MATCH = YES;
				COPY_PHASE_STRIP = NO;
				CURRENT_PROJECT_VERSION = 1;
				DEBUG_INFORMATION_FORMAT = dwarf;
				ENABLE_STRICT_OBJC_MSGSEND = YES;
				ENABLE_TESTABILITY = YES;
				GCC_C_LANGUAGE_STANDARD = gnu11;
				GCC_DYNAMIC_NO_PIC = NO;
				GCC_NO_COMMON_BLOCKS = YES;
				GCC_OPTIMIZATION_LEVEL = 0;
				GCC_PREPROCESSOR_DEFINITIONS = (
					"DEBUG=1",
					"$(inherited)",
				);
				GCC_WARN_64_TO_32_BIT_CONVERSION = YES;
				GCC_WARN_ABOUT_RETURN_TYPE = YES_ERROR;
				GCC_WARN_UNDECLARED_SELECTOR = YES;
				GCC_WARN_UNINITIALIZED_AUTOS = YES_AGGRESSIVE;
				GCC_WARN_UNUSED_FUNCTION = YES;
				GCC_WARN_UNUSED_VARIABLE = YES;
				IPHONEOS_DEPLOYMENT_TARGET = 14.2;
				MTL_ENABLE_DEBUG_INFO = INCLUDE_SOURCE;
				MTL_FAST_MATH = YES;
				ONLY_ACTIVE_ARCH = YES;
				SDKROOT = iphoneos;
				SWIFT_ACTIVE_COMPILATION_CONDITIONS = DEBUG;
				SWIFT_OPTIMIZATION_LEVEL = "-Onone";
				VERSIONING_SYSTEM = "apple-generic";
				VERSION_INFO_PREFIX = "";
			};
			name = Debug;
		};
		22067F852586B19900A0DEEC /* Release */ = {
			isa = XCBuildConfiguration;
			buildSettings = {
				ALWAYS_SEARCH_USER_PATHS = NO;
				CLANG_ANALYZER_NONNULL = YES;
				CLANG_ANALYZER_NUMBER_OBJECT_CONVERSION = YES_AGGRESSIVE;
				CLANG_CXX_LANGUAGE_STANDARD = "gnu++14";
				CLANG_CXX_LIBRARY = "libc++";
				CLANG_ENABLE_MODULES = YES;
				CLANG_ENABLE_OBJC_ARC = YES;
				CLANG_ENABLE_OBJC_WEAK = YES;
				CLANG_WARN_BLOCK_CAPTURE_AUTORELEASING = YES;
				CLANG_WARN_BOOL_CONVERSION = YES;
				CLANG_WARN_COMMA = YES;
				CLANG_WARN_CONSTANT_CONVERSION = YES;
				CLANG_WARN_DEPRECATED_OBJC_IMPLEMENTATIONS = YES;
				CLANG_WARN_DIRECT_OBJC_ISA_USAGE = YES_ERROR;
				CLANG_WARN_DOCUMENTATION_COMMENTS = YES;
				CLANG_WARN_EMPTY_BODY = YES;
				CLANG_WARN_ENUM_CONVERSION = YES;
				CLANG_WARN_INFINITE_RECURSION = YES;
				CLANG_WARN_INT_CONVERSION = YES;
				CLANG_WARN_NON_LITERAL_NULL_CONVERSION = YES;
				CLANG_WARN_OBJC_IMPLICIT_RETAIN_SELF = YES;
				CLANG_WARN_OBJC_LITERAL_CONVERSION = YES;
				CLANG_WARN_OBJC_ROOT_CLASS = YES_ERROR;
				CLANG_WARN_QUOTED_INCLUDE_IN_FRAMEWORK_HEADER = YES;
				CLANG_WARN_RANGE_LOOP_ANALYSIS = YES;
				CLANG_WARN_STRICT_PROTOTYPES = YES;
				CLANG_WARN_SUSPICIOUS_MOVE = YES;
				CLANG_WARN_UNGUARDED_AVAILABILITY = YES_AGGRESSIVE;
				CLANG_WARN_UNREACHABLE_CODE = YES;
				CLANG_WARN__DUPLICATE_METHOD_MATCH = YES;
				COPY_PHASE_STRIP = NO;
				CURRENT_PROJECT_VERSION = 1;
				DEBUG_INFORMATION_FORMAT = "dwarf-with-dsym";
				ENABLE_NS_ASSERTIONS = NO;
				ENABLE_STRICT_OBJC_MSGSEND = YES;
				GCC_C_LANGUAGE_STANDARD = gnu11;
				GCC_NO_COMMON_BLOCKS = YES;
				GCC_WARN_64_TO_32_BIT_CONVERSION = YES;
				GCC_WARN_ABOUT_RETURN_TYPE = YES_ERROR;
				GCC_WARN_UNDECLARED_SELECTOR = YES;
				GCC_WARN_UNINITIALIZED_AUTOS = YES_AGGRESSIVE;
				GCC_WARN_UNUSED_FUNCTION = YES;
				GCC_WARN_UNUSED_VARIABLE = YES;
				IPHONEOS_DEPLOYMENT_TARGET = 14.2;
				MTL_ENABLE_DEBUG_INFO = NO;
				MTL_FAST_MATH = YES;
				SDKROOT = iphoneos;
				SWIFT_COMPILATION_MODE = wholemodule;
				SWIFT_OPTIMIZATION_LEVEL = "-O";
				VALIDATE_PRODUCT = YES;
				VERSIONING_SYSTEM = "apple-generic";
				VERSION_INFO_PREFIX = "";
			};
			name = Release;
		};
		22067F872586B19900A0DEEC /* Debug */ = {
			isa = XCBuildConfiguration;
			baseConfigurationReference = 45B097A469A5E7FD207F41A4 /* Pods-MoveeWebService.debug.xcconfig */;
			buildSettings = {
				CODE_SIGN_STYLE = Automatic;
				DEFINES_MODULE = YES;
				DYLIB_COMPATIBILITY_VERSION = 1;
				DYLIB_CURRENT_VERSION = 1;
				DYLIB_INSTALL_NAME_BASE = "@rpath";
				INFOPLIST_FILE = MoveeWebService/Info.plist;
				INSTALL_PATH = "$(LOCAL_LIBRARY_DIR)/Frameworks";
				IPHONEOS_DEPLOYMENT_TARGET = 13.0;
				LD_RUNPATH_SEARCH_PATHS = (
					"$(inherited)",
					"@executable_path/Frameworks",
					"@loader_path/Frameworks",
				);
				PRODUCT_BUNDLE_IDENTIFIER = Movee.MoveeWebService;
				PRODUCT_NAME = "$(TARGET_NAME:c99extidentifier)";
				SKIP_INSTALL = YES;
				SWIFT_VERSION = 5.0;
				TARGETED_DEVICE_FAMILY = "1,2";
			};
			name = Debug;
		};
		22067F882586B19900A0DEEC /* Release */ = {
			isa = XCBuildConfiguration;
			baseConfigurationReference = 349A999EBBCBBBE118FA115B /* Pods-MoveeWebService.release.xcconfig */;
			buildSettings = {
				CODE_SIGN_STYLE = Automatic;
				DEFINES_MODULE = YES;
				DYLIB_COMPATIBILITY_VERSION = 1;
				DYLIB_CURRENT_VERSION = 1;
				DYLIB_INSTALL_NAME_BASE = "@rpath";
				INFOPLIST_FILE = MoveeWebService/Info.plist;
				INSTALL_PATH = "$(LOCAL_LIBRARY_DIR)/Frameworks";
				IPHONEOS_DEPLOYMENT_TARGET = 13.0;
				LD_RUNPATH_SEARCH_PATHS = (
					"$(inherited)",
					"@executable_path/Frameworks",
					"@loader_path/Frameworks",
				);
				PRODUCT_BUNDLE_IDENTIFIER = Movee.MoveeWebService;
				PRODUCT_NAME = "$(TARGET_NAME:c99extidentifier)";
				SKIP_INSTALL = YES;
				SWIFT_VERSION = 5.0;
				TARGETED_DEVICE_FAMILY = "1,2";
			};
			name = Release;
		};
		22067F8A2586B19900A0DEEC /* Debug */ = {
			isa = XCBuildConfiguration;
			buildSettings = {
				ALWAYS_EMBED_SWIFT_STANDARD_LIBRARIES = YES;
				CODE_SIGN_STYLE = Automatic;
				INFOPLIST_FILE = MoveeWebServiceTests/Info.plist;
				LD_RUNPATH_SEARCH_PATHS = (
					"$(inherited)",
					"@executable_path/Frameworks",
					"@loader_path/Frameworks",
				);
				PRODUCT_BUNDLE_IDENTIFIER = Movee.MoveeWebServiceTests;
				PRODUCT_NAME = "$(TARGET_NAME)";
				SWIFT_VERSION = 5.0;
				TARGETED_DEVICE_FAMILY = "1,2";
			};
			name = Debug;
		};
		22067F8B2586B19900A0DEEC /* Release */ = {
			isa = XCBuildConfiguration;
			buildSettings = {
				ALWAYS_EMBED_SWIFT_STANDARD_LIBRARIES = YES;
				CODE_SIGN_STYLE = Automatic;
				INFOPLIST_FILE = MoveeWebServiceTests/Info.plist;
				LD_RUNPATH_SEARCH_PATHS = (
					"$(inherited)",
					"@executable_path/Frameworks",
					"@loader_path/Frameworks",
				);
				PRODUCT_BUNDLE_IDENTIFIER = Movee.MoveeWebServiceTests;
				PRODUCT_NAME = "$(TARGET_NAME)";
				SWIFT_VERSION = 5.0;
				TARGETED_DEVICE_FAMILY = "1,2";
			};
			name = Release;
		};
/* End XCBuildConfiguration section */

/* Begin XCConfigurationList section */
		22067F6C2586B19900A0DEEC /* Build configuration list for PBXProject "MoveeWebService" */ = {
			isa = XCConfigurationList;
			buildConfigurations = (
				22067F842586B19900A0DEEC /* Debug */,
				22067F852586B19900A0DEEC /* Release */,
			);
			defaultConfigurationIsVisible = 0;
			defaultConfigurationName = Release;
		};
		22067F862586B19900A0DEEC /* Build configuration list for PBXNativeTarget "MoveeWebService" */ = {
			isa = XCConfigurationList;
			buildConfigurations = (
				22067F872586B19900A0DEEC /* Debug */,
				22067F882586B19900A0DEEC /* Release */,
			);
			defaultConfigurationIsVisible = 0;
			defaultConfigurationName = Release;
		};
		22067F892586B19900A0DEEC /* Build configuration list for PBXNativeTarget "MoveeWebServiceTests" */ = {
			isa = XCConfigurationList;
			buildConfigurations = (
				22067F8A2586B19900A0DEEC /* Debug */,
				22067F8B2586B19900A0DEEC /* Release */,
			);
			defaultConfigurationIsVisible = 0;
			defaultConfigurationName = Release;
		};
/* End XCConfigurationList section */
	};
	rootObject = 22067F692586B19900A0DEEC /* Project object */;
}
