// !$*UTF8*$!
{
	archiveVersion = 1;
	classes = {
	};
	objectVersion = 50;
	objects = {

/* Begin PBXBuildFile section */
		20427307AF9CC5B3A0922916 /* Pods_MoveeWebService.framework in Frameworks */ = {isa = PBXBuildFile; fileRef = 9330DCF9857482BECB77D1B2 /* Pods_MoveeWebService.framework */; };
		2212B6F5258579C100786B76 /* ApiServiceProvider.swift in Sources */ = {isa = PBXBuildFile; fileRef = 2212B6F4258579C100786B76 /* ApiServiceProvider.swift */; };
		2212B6FB25857CE600786B76 /* Endpoints.swift in Sources */ = {isa = PBXBuildFile; fileRef = 2212B6FA25857CE600786B76 /* Endpoints.swift */; };
		2222EF842586562E00CE7BA5 /* UseCaseCallback.swift in Sources */ = {isa = PBXBuildFile; fileRef = 2222EF822586562E00CE7BA5 /* UseCaseCallback.swift */; };
		2222EF852586562E00CE7BA5 /* UseCaseCallbackInteractor.swift in Sources */ = {isa = PBXBuildFile; fileRef = 2222EF832586562E00CE7BA5 /* UseCaseCallbackInteractor.swift */; };
		222F057D257D45060008F106 /* MoveeWebService.framework in Frameworks */ = {isa = PBXBuildFile; fileRef = 222F0573257D45060008F106 /* MoveeWebService.framework */; };
		222F0582257D45060008F106 /* MoveeWebServiceTests.swift in Sources */ = {isa = PBXBuildFile; fileRef = 222F0581257D45060008F106 /* MoveeWebServiceTests.swift */; };
		222F0584257D45060008F106 /* MoveeWebService.h in Headers */ = {isa = PBXBuildFile; fileRef = 222F0576257D45060008F106 /* MoveeWebService.h */; settings = {ATTRIBUTES = (Public, ); }; };
		222F05A2257D455E0008F106 /* HttpClientInterface.swift in Sources */ = {isa = PBXBuildFile; fileRef = 222F059B257D455E0008F106 /* HttpClientInterface.swift */; };
		222F05A3257D455E0008F106 /* ApiInterceptor.swift in Sources */ = {isa = PBXBuildFile; fileRef = 222F059C257D455E0008F106 /* ApiInterceptor.swift */; };
		222F05A4257D455E0008F106 /* Encodable+Extension.swift in Sources */ = {isa = PBXBuildFile; fileRef = 222F059D257D455E0008F106 /* Encodable+Extension.swift */; };
		222F05A5257D455E0008F106 /* ApiManager.swift in Sources */ = {isa = PBXBuildFile; fileRef = 222F059E257D455E0008F106 /* ApiManager.swift */; };
		222F05A6257D455E0008F106 /* ApiEventMonitor.swift in Sources */ = {isa = PBXBuildFile; fileRef = 222F059F257D455E0008F106 /* ApiEventMonitor.swift */; };
		222F05A7257D455E0008F106 /* ApiRetrier.swift in Sources */ = {isa = PBXBuildFile; fileRef = 222F05A0257D455E0008F106 /* ApiRetrier.swift */; };
		222F05A8257D455E0008F106 /* ApiAdapter.swift in Sources */ = {isa = PBXBuildFile; fileRef = 222F05A1257D455E0008F106 /* ApiAdapter.swift */; };
		A1D010982586568C00E3B5F6 /* BaseUseCase.swift in Sources */ = {isa = PBXBuildFile; fileRef = A1D010972586568C00E3B5F6 /* BaseUseCase.swift */; };
		A1D0109C2586589800E3B5F6 /* SingleUseCase.swift in Sources */ = {isa = PBXBuildFile; fileRef = A1D0109B2586589800E3B5F6 /* SingleUseCase.swift */; };
		A1D010B125865D0300E3B5F6 /* UseCaseListener.swift in Sources */ = {isa = PBXBuildFile; fileRef = A1D010B025865D0300E3B5F6 /* UseCaseListener.swift */; };
/* End PBXBuildFile section */

/* Begin PBXContainerItemProxy section */
		222F057E257D45060008F106 /* PBXContainerItemProxy */ = {
			isa = PBXContainerItemProxy;
			containerPortal = 222F056A257D45060008F106 /* Project object */;
			proxyType = 1;
			remoteGlobalIDString = 222F0572257D45060008F106;
			remoteInfo = MoveeWebService;
		};
/* End PBXContainerItemProxy section */

/* Begin PBXFileReference section */
		2212B6F4258579C100786B76 /* ApiServiceProvider.swift */ = {isa = PBXFileReference; lastKnownFileType = sourcecode.swift; path = ApiServiceProvider.swift; sourceTree = "<group>"; };
		2212B6FA25857CE600786B76 /* Endpoints.swift */ = {isa = PBXFileReference; lastKnownFileType = sourcecode.swift; path = Endpoints.swift; sourceTree = "<group>"; };
		2222EF822586562E00CE7BA5 /* UseCaseCallback.swift */ = {isa = PBXFileReference; fileEncoding = 4; lastKnownFileType = sourcecode.swift; path = UseCaseCallback.swift; sourceTree = "<group>"; };
		2222EF832586562E00CE7BA5 /* UseCaseCallbackInteractor.swift */ = {isa = PBXFileReference; fileEncoding = 4; lastKnownFileType = sourcecode.swift; path = UseCaseCallbackInteractor.swift; sourceTree = "<group>"; };
		222F0573257D45060008F106 /* MoveeWebService.framework */ = {isa = PBXFileReference; explicitFileType = wrapper.framework; includeInIndex = 0; path = MoveeWebService.framework; sourceTree = BUILT_PRODUCTS_DIR; };
		222F0576257D45060008F106 /* MoveeWebService.h */ = {isa = PBXFileReference; lastKnownFileType = sourcecode.c.h; path = MoveeWebService.h; sourceTree = "<group>"; };
		222F0577257D45060008F106 /* Info.plist */ = {isa = PBXFileReference; lastKnownFileType = text.plist.xml; path = Info.plist; sourceTree = "<group>"; };
		222F057C257D45060008F106 /* MoveeWebServiceTests.xctest */ = {isa = PBXFileReference; explicitFileType = wrapper.cfbundle; includeInIndex = 0; path = MoveeWebServiceTests.xctest; sourceTree = BUILT_PRODUCTS_DIR; };
		222F0581257D45060008F106 /* MoveeWebServiceTests.swift */ = {isa = PBXFileReference; lastKnownFileType = sourcecode.swift; path = MoveeWebServiceTests.swift; sourceTree = "<group>"; };
		222F0583257D45060008F106 /* Info.plist */ = {isa = PBXFileReference; lastKnownFileType = text.plist.xml; path = Info.plist; sourceTree = "<group>"; };
		222F059B257D455E0008F106 /* HttpClientInterface.swift */ = {isa = PBXFileReference; fileEncoding = 4; lastKnownFileType = sourcecode.swift; path = HttpClientInterface.swift; sourceTree = "<group>"; };
		222F059C257D455E0008F106 /* ApiInterceptor.swift */ = {isa = PBXFileReference; fileEncoding = 4; lastKnownFileType = sourcecode.swift; path = ApiInterceptor.swift; sourceTree = "<group>"; };
		222F059D257D455E0008F106 /* Encodable+Extension.swift */ = {isa = PBXFileReference; fileEncoding = 4; lastKnownFileType = sourcecode.swift; path = "Encodable+Extension.swift"; sourceTree = "<group>"; };
		222F059E257D455E0008F106 /* ApiManager.swift */ = {isa = PBXFileReference; fileEncoding = 4; lastKnownFileType = sourcecode.swift; path = ApiManager.swift; sourceTree = "<group>"; };
		222F059F257D455E0008F106 /* ApiEventMonitor.swift */ = {isa = PBXFileReference; fileEncoding = 4; lastKnownFileType = sourcecode.swift; path = ApiEventMonitor.swift; sourceTree = "<group>"; };
		222F05A0257D455E0008F106 /* ApiRetrier.swift */ = {isa = PBXFileReference; fileEncoding = 4; lastKnownFileType = sourcecode.swift; path = ApiRetrier.swift; sourceTree = "<group>"; };
		222F05A1257D455E0008F106 /* ApiAdapter.swift */ = {isa = PBXFileReference; fileEncoding = 4; lastKnownFileType = sourcecode.swift; path = ApiAdapter.swift; sourceTree = "<group>"; };
		9330DCF9857482BECB77D1B2 /* Pods_MoveeWebService.framework */ = {isa = PBXFileReference; explicitFileType = wrapper.framework; includeInIndex = 0; path = Pods_MoveeWebService.framework; sourceTree = BUILT_PRODUCTS_DIR; };
		97520C5269B5428C6406FB8D /* Pods-MoveeWebService.release.xcconfig */ = {isa = PBXFileReference; includeInIndex = 1; lastKnownFileType = text.xcconfig; name = "Pods-MoveeWebService.release.xcconfig"; path = "Target Support Files/Pods-MoveeWebService/Pods-MoveeWebService.release.xcconfig"; sourceTree = "<group>"; };
		A1D010972586568C00E3B5F6 /* BaseUseCase.swift */ = {isa = PBXFileReference; lastKnownFileType = sourcecode.swift; path = BaseUseCase.swift; sourceTree = "<group>"; };
		A1D0109B2586589800E3B5F6 /* SingleUseCase.swift */ = {isa = PBXFileReference; lastKnownFileType = sourcecode.swift; path = SingleUseCase.swift; sourceTree = "<group>"; };
		A1D010B025865D0300E3B5F6 /* UseCaseListener.swift */ = {isa = PBXFileReference; lastKnownFileType = sourcecode.swift; path = UseCaseListener.swift; sourceTree = "<group>"; };
		C7B5D39A786143F41A870EDB /* Pods-MoveeWebService.debug.xcconfig */ = {isa = PBXFileReference; includeInIndex = 1; lastKnownFileType = text.xcconfig; name = "Pods-MoveeWebService.debug.xcconfig"; path = "Target Support Files/Pods-MoveeWebService/Pods-MoveeWebService.debug.xcconfig"; sourceTree = "<group>"; };
/* End PBXFileReference section */

/* Begin PBXFrameworksBuildPhase section */
		222F0570257D45060008F106 /* Frameworks */ = {
			isa = PBXFrameworksBuildPhase;
			buildActionMask = 2147483647;
			files = (
				20427307AF9CC5B3A0922916 /* Pods_MoveeWebService.framework in Frameworks */,
			);
			runOnlyForDeploymentPostprocessing = 0;
		};
		222F0579257D45060008F106 /* Frameworks */ = {
			isa = PBXFrameworksBuildPhase;
			buildActionMask = 2147483647;
			files = (
				222F057D257D45060008F106 /* MoveeWebService.framework in Frameworks */,
			);
			runOnlyForDeploymentPostprocessing = 0;
		};
/* End PBXFrameworksBuildPhase section */

/* Begin PBXGroup section */
		2212B6F825857CCB00786B76 /* DataLayer */ = {
			isa = PBXGroup;
			children = (
				2212B6F925857CD600786B76 /* Endpoints */,
			);
			path = DataLayer;
			sourceTree = "<group>";
		};
		2212B6F925857CD600786B76 /* Endpoints */ = {
			isa = PBXGroup;
			children = (
				2212B6FA25857CE600786B76 /* Endpoints.swift */,
			);
			path = Endpoints;
			sourceTree = "<group>";
		};
		2222EF7F2586562E00CE7BA5 /* DomainLayer */ = {
			isa = PBXGroup;
			children = (
				2222EF802586562E00CE7BA5 /* SupportingFiles */,
			);
			path = DomainLayer;
			sourceTree = "<group>";
		};
		2222EF802586562E00CE7BA5 /* SupportingFiles */ = {
			isa = PBXGroup;
			children = (
				2222EF812586562E00CE7BA5 /* BaseClasses */,
				2222EF8C258656DD00CE7BA5 /* BaseProtocols */,
			);
			path = SupportingFiles;
			sourceTree = "<group>";
		};
		2222EF812586562E00CE7BA5 /* BaseClasses */ = {
			isa = PBXGroup;
			children = (
				2222EF822586562E00CE7BA5 /* UseCaseCallback.swift */,
				2222EF832586562E00CE7BA5 /* UseCaseCallbackInteractor.swift */,
				A1D010972586568C00E3B5F6 /* BaseUseCase.swift */,
				A1D0109B2586589800E3B5F6 /* SingleUseCase.swift */,
				A1D010B025865D0300E3B5F6 /* UseCaseListener.swift */,
			);
			path = BaseClasses;
			sourceTree = "<group>";
		};
		2222EF8C258656DD00CE7BA5 /* BaseProtocols */ = {
			isa = PBXGroup;
			children = (
			);
			path = BaseProtocols;
			sourceTree = "<group>";
		};
		222F0569257D45060008F106 = {
			isa = PBXGroup;
			children = (
				222F0575257D45060008F106 /* MoveeWebService */,
				222F0580257D45060008F106 /* MoveeWebServiceTests */,
				222F0574257D45060008F106 /* Products */,
				5A4DFC899842AD6AC40CE1A8 /* Pods */,
				874FA11F6CBF21476311CD66 /* Frameworks */,
			);
			sourceTree = "<group>";
		};
		222F0574257D45060008F106 /* Products */ = {
			isa = PBXGroup;
			children = (
				222F0573257D45060008F106 /* MoveeWebService.framework */,
				222F057C257D45060008F106 /* MoveeWebServiceTests.xctest */,
			);
			name = Products;
			sourceTree = "<group>";
		};
		222F0575257D45060008F106 /* MoveeWebService */ = {
			isa = PBXGroup;
			children = (
				2222EF7F2586562E00CE7BA5 /* DomainLayer */,
				2212B6F825857CCB00786B76 /* DataLayer */,
				222F059A257D455E0008F106 /* ApiLayers */,
				222F0576257D45060008F106 /* MoveeWebService.h */,
				222F0577257D45060008F106 /* Info.plist */,
			);
			path = MoveeWebService;
			sourceTree = "<group>";
		};
		222F0580257D45060008F106 /* MoveeWebServiceTests */ = {
			isa = PBXGroup;
			children = (
				222F0581257D45060008F106 /* MoveeWebServiceTests.swift */,
				222F0583257D45060008F106 /* Info.plist */,
			);
			path = MoveeWebServiceTests;
			sourceTree = "<group>";
		};
		222F059A257D455E0008F106 /* ApiLayers */ = {
			isa = PBXGroup;
			children = (
				222F05A1257D455E0008F106 /* ApiAdapter.swift */,
				222F059F257D455E0008F106 /* ApiEventMonitor.swift */,
				222F059C257D455E0008F106 /* ApiInterceptor.swift */,
				222F059E257D455E0008F106 /* ApiManager.swift */,
				222F05A0257D455E0008F106 /* ApiRetrier.swift */,
				222F059D257D455E0008F106 /* Encodable+Extension.swift */,
				222F059B257D455E0008F106 /* HttpClientInterface.swift */,
				2212B6F4258579C100786B76 /* ApiServiceProvider.swift */,
			);
			path = ApiLayers;
			sourceTree = "<group>";
		};
		5A4DFC899842AD6AC40CE1A8 /* Pods */ = {
			isa = PBXGroup;
			children = (
				C7B5D39A786143F41A870EDB /* Pods-MoveeWebService.debug.xcconfig */,
				97520C5269B5428C6406FB8D /* Pods-MoveeWebService.release.xcconfig */,
			);
			name = Pods;
			path = ../Pods;
			sourceTree = "<group>";
		};
		874FA11F6CBF21476311CD66 /* Frameworks */ = {
			isa = PBXGroup;
			children = (
				9330DCF9857482BECB77D1B2 /* Pods_MoveeWebService.framework */,
			);
			name = Frameworks;
			sourceTree = "<group>";
		};
/* End PBXGroup section */

/* Begin PBXHeadersBuildPhase section */
		222F056E257D45060008F106 /* Headers */ = {
			isa = PBXHeadersBuildPhase;
			buildActionMask = 2147483647;
			files = (
				222F0584257D45060008F106 /* MoveeWebService.h in Headers */,
			);
			runOnlyForDeploymentPostprocessing = 0;
		};
/* End PBXHeadersBuildPhase section */

/* Begin PBXNativeTarget section */
		222F0572257D45060008F106 /* MoveeWebService */ = {
			isa = PBXNativeTarget;
			buildConfigurationList = 222F0587257D45060008F106 /* Build configuration list for PBXNativeTarget "MoveeWebService" */;
			buildPhases = (
				1AEB59A4790A252F8D5A9094 /* [CP] Check Pods Manifest.lock */,
				222F056E257D45060008F106 /* Headers */,
				222F056F257D45060008F106 /* Sources */,
				222F0570257D45060008F106 /* Frameworks */,
				222F0571257D45060008F106 /* Resources */,
			);
			buildRules = (
			);
			dependencies = (
			);
			name = MoveeWebService;
			productName = MoveeWebService;
			productReference = 222F0573257D45060008F106 /* MoveeWebService.framework */;
			productType = "com.apple.product-type.framework";
		};
		222F057B257D45060008F106 /* MoveeWebServiceTests */ = {
			isa = PBXNativeTarget;
			buildConfigurationList = 222F058A257D45060008F106 /* Build configuration list for PBXNativeTarget "MoveeWebServiceTests" */;
			buildPhases = (
				222F0578257D45060008F106 /* Sources */,
				222F0579257D45060008F106 /* Frameworks */,
				222F057A257D45060008F106 /* Resources */,
			);
			buildRules = (
			);
			dependencies = (
				222F057F257D45060008F106 /* PBXTargetDependency */,
			);
			name = MoveeWebServiceTests;
			productName = MoveeWebServiceTests;
			productReference = 222F057C257D45060008F106 /* MoveeWebServiceTests.xctest */;
			productType = "com.apple.product-type.bundle.unit-test";
		};
/* End PBXNativeTarget section */

/* Begin PBXProject section */
		222F056A257D45060008F106 /* Project object */ = {
			isa = PBXProject;
			attributes = {
				LastSwiftUpdateCheck = 1220;
				LastUpgradeCheck = 1220;
				TargetAttributes = {
					222F0572257D45060008F106 = {
						CreatedOnToolsVersion = 12.2;
					};
					222F057B257D45060008F106 = {
						CreatedOnToolsVersion = 12.2;
					};
				};
			};
			buildConfigurationList = 222F056D257D45060008F106 /* Build configuration list for PBXProject "MoveeWebService" */;
			compatibilityVersion = "Xcode 9.3";
			developmentRegion = en;
			hasScannedForEncodings = 0;
			knownRegions = (
				en,
				Base,
			);
			mainGroup = 222F0569257D45060008F106;
			productRefGroup = 222F0574257D45060008F106 /* Products */;
			projectDirPath = "";
			projectRoot = "";
			targets = (
				222F0572257D45060008F106 /* MoveeWebService */,
				222F057B257D45060008F106 /* MoveeWebServiceTests */,
			);
		};
/* End PBXProject section */

/* Begin PBXResourcesBuildPhase section */
		222F0571257D45060008F106 /* Resources */ = {
			isa = PBXResourcesBuildPhase;
			buildActionMask = 2147483647;
			files = (
			);
			runOnlyForDeploymentPostprocessing = 0;
		};
		222F057A257D45060008F106 /* Resources */ = {
			isa = PBXResourcesBuildPhase;
			buildActionMask = 2147483647;
			files = (
			);
			runOnlyForDeploymentPostprocessing = 0;
		};
/* End PBXResourcesBuildPhase section */

/* Begin PBXShellScriptBuildPhase section */
		1AEB59A4790A252F8D5A9094 /* [CP] Check Pods Manifest.lock */ = {
			isa = PBXShellScriptBuildPhase;
			buildActionMask = 2147483647;
			files = (
			);
			inputFileListPaths = (
			);
			inputPaths = (
				"${PODS_PODFILE_DIR_PATH}/Podfile.lock",
				"${PODS_ROOT}/Manifest.lock",
			);
			name = "[CP] Check Pods Manifest.lock";
			outputFileListPaths = (
			);
			outputPaths = (
				"$(DERIVED_FILE_DIR)/Pods-MoveeWebService-checkManifestLockResult.txt",
			);
			runOnlyForDeploymentPostprocessing = 0;
			shellPath = /bin/sh;
			shellScript = "diff \"${PODS_PODFILE_DIR_PATH}/Podfile.lock\" \"${PODS_ROOT}/Manifest.lock\" > /dev/null\nif [ $? != 0 ] ; then\n    # print error to STDERR\n    echo \"error: The sandbox is not in sync with the Podfile.lock. Run 'pod install' or update your CocoaPods installation.\" >&2\n    exit 1\nfi\n# This output is used by Xcode 'outputs' to avoid re-running this script phase.\necho \"SUCCESS\" > \"${SCRIPT_OUTPUT_FILE_0}\"\n";
			showEnvVarsInLog = 0;
		};
/* End PBXShellScriptBuildPhase section */

/* Begin PBXSourcesBuildPhase section */
		222F056F257D45060008F106 /* Sources */ = {
			isa = PBXSourcesBuildPhase;
			buildActionMask = 2147483647;
			files = (
				A1D0109C2586589800E3B5F6 /* SingleUseCase.swift in Sources */,
				222F05A5257D455E0008F106 /* ApiManager.swift in Sources */,
				2212B6F5258579C100786B76 /* ApiServiceProvider.swift in Sources */,
				2222EF842586562E00CE7BA5 /* UseCaseCallback.swift in Sources */,
				222F05A3257D455E0008F106 /* ApiInterceptor.swift in Sources */,
				222F05A2257D455E0008F106 /* HttpClientInterface.swift in Sources */,
				222F05A4257D455E0008F106 /* Encodable+Extension.swift in Sources */,
				222F05A7257D455E0008F106 /* ApiRetrier.swift in Sources */,
				2222EF852586562E00CE7BA5 /* UseCaseCallbackInteractor.swift in Sources */,
				A1D010982586568C00E3B5F6 /* BaseUseCase.swift in Sources */,
				222F05A6257D455E0008F106 /* ApiEventMonitor.swift in Sources */,
				2212B6FB25857CE600786B76 /* Endpoints.swift in Sources */,
				222F05A8257D455E0008F106 /* ApiAdapter.swift in Sources */,
				A1D010B125865D0300E3B5F6 /* UseCaseListener.swift in Sources */,
			);
			runOnlyForDeploymentPostprocessing = 0;
		};
		222F0578257D45060008F106 /* Sources */ = {
			isa = PBXSourcesBuildPhase;
			buildActionMask = 2147483647;
			files = (
				222F0582257D45060008F106 /* MoveeWebServiceTests.swift in Sources */,
			);
			runOnlyForDeploymentPostprocessing = 0;
		};
/* End PBXSourcesBuildPhase section */

/* Begin PBXTargetDependency section */
		222F057F257D45060008F106 /* PBXTargetDependency */ = {
			isa = PBXTargetDependency;
			target = 222F0572257D45060008F106 /* MoveeWebService */;
			targetProxy = 222F057E257D45060008F106 /* PBXContainerItemProxy */;
		};
/* End PBXTargetDependency section */

/* Begin XCBuildConfiguration section */
		222F0585257D45060008F106 /* Debug */ = {
			isa = XCBuildConfiguration;
			buildSettings = {
				ALWAYS_SEARCH_USER_PATHS = NO;
				CLANG_ANALYZER_NONNULL = YES;
				CLANG_ANALYZER_NUMBER_OBJECT_CONVERSION = YES_AGGRESSIVE;
				CLANG_CXX_LANGUAGE_STANDARD = "gnu++14";
				CLANG_CXX_LIBRARY = "libc++";
				CLANG_ENABLE_MODULES = YES;
				CLANG_ENABLE_OBJC_ARC = YES;
				CLANG_ENABLE_OBJC_WEAK = YES;
				CLANG_WARN_BLOCK_CAPTURE_AUTORELEASING = YES;
				CLANG_WARN_BOOL_CONVERSION = YES;
				CLANG_WARN_COMMA = YES;
				CLANG_WARN_CONSTANT_CONVERSION = YES;
				CLANG_WARN_DEPRECATED_OBJC_IMPLEMENTATIONS = YES;
				CLANG_WARN_DIRECT_OBJC_ISA_USAGE = YES_ERROR;
				CLANG_WARN_DOCUMENTATION_COMMENTS = YES;
				CLANG_WARN_EMPTY_BODY = YES;
				CLANG_WARN_ENUM_CONVERSION = YES;
				CLANG_WARN_INFINITE_RECURSION = YES;
				CLANG_WARN_INT_CONVERSION = YES;
				CLANG_WARN_NON_LITERAL_NULL_CONVERSION = YES;
				CLANG_WARN_OBJC_IMPLICIT_RETAIN_SELF = YES;
				CLANG_WARN_OBJC_LITERAL_CONVERSION = YES;
				CLANG_WARN_OBJC_ROOT_CLASS = YES_ERROR;
				CLANG_WARN_QUOTED_INCLUDE_IN_FRAMEWORK_HEADER = YES;
				CLANG_WARN_RANGE_LOOP_ANALYSIS = YES;
				CLANG_WARN_STRICT_PROTOTYPES = YES;
				CLANG_WARN_SUSPICIOUS_MOVE = YES;
				CLANG_WARN_UNGUARDED_AVAILABILITY = YES_AGGRESSIVE;
				CLANG_WARN_UNREACHABLE_CODE = YES;
				CLANG_WARN__DUPLICATE_METHOD_MATCH = YES;
				COPY_PHASE_STRIP = NO;
				CURRENT_PROJECT_VERSION = 1;
				DEBUG_INFORMATION_FORMAT = dwarf;
				ENABLE_STRICT_OBJC_MSGSEND = YES;
				ENABLE_TESTABILITY = YES;
				GCC_C_LANGUAGE_STANDARD = gnu11;
				GCC_DYNAMIC_NO_PIC = NO;
				GCC_NO_COMMON_BLOCKS = YES;
				GCC_OPTIMIZATION_LEVEL = 0;
				GCC_PREPROCESSOR_DEFINITIONS = (
					"DEBUG=1",
					"$(inherited)",
				);
				GCC_WARN_64_TO_32_BIT_CONVERSION = YES;
				GCC_WARN_ABOUT_RETURN_TYPE = YES_ERROR;
				GCC_WARN_UNDECLARED_SELECTOR = YES;
				GCC_WARN_UNINITIALIZED_AUTOS = YES_AGGRESSIVE;
				GCC_WARN_UNUSED_FUNCTION = YES;
				GCC_WARN_UNUSED_VARIABLE = YES;
				IPHONEOS_DEPLOYMENT_TARGET = 14.2;
				MTL_ENABLE_DEBUG_INFO = INCLUDE_SOURCE;
				MTL_FAST_MATH = YES;
				ONLY_ACTIVE_ARCH = YES;
				SDKROOT = iphoneos;
				SWIFT_ACTIVE_COMPILATION_CONDITIONS = DEBUG;
				SWIFT_OPTIMIZATION_LEVEL = "-Onone";
				VERSIONING_SYSTEM = "apple-generic";
				VERSION_INFO_PREFIX = "";
			};
			name = Debug;
		};
		222F0586257D45060008F106 /* Release */ = {
			isa = XCBuildConfiguration;
			buildSettings = {
				ALWAYS_SEARCH_USER_PATHS = NO;
				CLANG_ANALYZER_NONNULL = YES;
				CLANG_ANALYZER_NUMBER_OBJECT_CONVERSION = YES_AGGRESSIVE;
				CLANG_CXX_LANGUAGE_STANDARD = "gnu++14";
				CLANG_CXX_LIBRARY = "libc++";
				CLANG_ENABLE_MODULES = YES;
				CLANG_ENABLE_OBJC_ARC = YES;
				CLANG_ENABLE_OBJC_WEAK = YES;
				CLANG_WARN_BLOCK_CAPTURE_AUTORELEASING = YES;
				CLANG_WARN_BOOL_CONVERSION = YES;
				CLANG_WARN_COMMA = YES;
				CLANG_WARN_CONSTANT_CONVERSION = YES;
				CLANG_WARN_DEPRECATED_OBJC_IMPLEMENTATIONS = YES;
				CLANG_WARN_DIRECT_OBJC_ISA_USAGE = YES_ERROR;
				CLANG_WARN_DOCUMENTATION_COMMENTS = YES;
				CLANG_WARN_EMPTY_BODY = YES;
				CLANG_WARN_ENUM_CONVERSION = YES;
				CLANG_WARN_INFINITE_RECURSION = YES;
				CLANG_WARN_INT_CONVERSION = YES;
				CLANG_WARN_NON_LITERAL_NULL_CONVERSION = YES;
				CLANG_WARN_OBJC_IMPLICIT_RETAIN_SELF = YES;
				CLANG_WARN_OBJC_LITERAL_CONVERSION = YES;
				CLANG_WARN_OBJC_ROOT_CLASS = YES_ERROR;
				CLANG_WARN_QUOTED_INCLUDE_IN_FRAMEWORK_HEADER = YES;
				CLANG_WARN_RANGE_LOOP_ANALYSIS = YES;
				CLANG_WARN_STRICT_PROTOTYPES = YES;
				CLANG_WARN_SUSPICIOUS_MOVE = YES;
				CLANG_WARN_UNGUARDED_AVAILABILITY = YES_AGGRESSIVE;
				CLANG_WARN_UNREACHABLE_CODE = YES;
				CLANG_WARN__DUPLICATE_METHOD_MATCH = YES;
				COPY_PHASE_STRIP = NO;
				CURRENT_PROJECT_VERSION = 1;
				DEBUG_INFORMATION_FORMAT = "dwarf-with-dsym";
				ENABLE_NS_ASSERTIONS = NO;
				ENABLE_STRICT_OBJC_MSGSEND = YES;
				GCC_C_LANGUAGE_STANDARD = gnu11;
				GCC_NO_COMMON_BLOCKS = YES;
				GCC_WARN_64_TO_32_BIT_CONVERSION = YES;
				GCC_WARN_ABOUT_RETURN_TYPE = YES_ERROR;
				GCC_WARN_UNDECLARED_SELECTOR = YES;
				GCC_WARN_UNINITIALIZED_AUTOS = YES_AGGRESSIVE;
				GCC_WARN_UNUSED_FUNCTION = YES;
				GCC_WARN_UNUSED_VARIABLE = YES;
				IPHONEOS_DEPLOYMENT_TARGET = 14.2;
				MTL_ENABLE_DEBUG_INFO = NO;
				MTL_FAST_MATH = YES;
				SDKROOT = iphoneos;
				SWIFT_COMPILATION_MODE = wholemodule;
				SWIFT_OPTIMIZATION_LEVEL = "-O";
				VALIDATE_PRODUCT = YES;
				VERSIONING_SYSTEM = "apple-generic";
				VERSION_INFO_PREFIX = "";
			};
			name = Release;
		};
		222F0588257D45060008F106 /* Debug */ = {
			isa = XCBuildConfiguration;
			baseConfigurationReference = C7B5D39A786143F41A870EDB /* Pods-MoveeWebService.debug.xcconfig */;
			buildSettings = {
				CODE_SIGN_STYLE = Automatic;
				DEFINES_MODULE = YES;
				DYLIB_COMPATIBILITY_VERSION = 1;
				DYLIB_CURRENT_VERSION = 1;
				DYLIB_INSTALL_NAME_BASE = "@rpath";
				INFOPLIST_FILE = MoveeWebService/Info.plist;
				INSTALL_PATH = "$(LOCAL_LIBRARY_DIR)/Frameworks";
				LD_RUNPATH_SEARCH_PATHS = (
					"$(inherited)",
					"@executable_path/Frameworks",
					"@loader_path/Frameworks",
				);
				PRODUCT_BUNDLE_IDENTIFIER = Movee.MoveeWebService;
				PRODUCT_NAME = "$(TARGET_NAME:c99extidentifier)";
				SKIP_INSTALL = YES;
				SWIFT_VERSION = 5.0;
				TARGETED_DEVICE_FAMILY = "1,2";
			};
			name = Debug;
		};
		222F0589257D45060008F106 /* Release */ = {
			isa = XCBuildConfiguration;
			baseConfigurationReference = 97520C5269B5428C6406FB8D /* Pods-MoveeWebService.release.xcconfig */;
			buildSettings = {
				CODE_SIGN_STYLE = Automatic;
				DEFINES_MODULE = YES;
				DYLIB_COMPATIBILITY_VERSION = 1;
				DYLIB_CURRENT_VERSION = 1;
				DYLIB_INSTALL_NAME_BASE = "@rpath";
				INFOPLIST_FILE = MoveeWebService/Info.plist;
				INSTALL_PATH = "$(LOCAL_LIBRARY_DIR)/Frameworks";
				LD_RUNPATH_SEARCH_PATHS = (
					"$(inherited)",
					"@executable_path/Frameworks",
					"@loader_path/Frameworks",
				);
				PRODUCT_BUNDLE_IDENTIFIER = Movee.MoveeWebService;
				PRODUCT_NAME = "$(TARGET_NAME:c99extidentifier)";
				SKIP_INSTALL = YES;
				SWIFT_VERSION = 5.0;
				TARGETED_DEVICE_FAMILY = "1,2";
			};
			name = Release;
		};
		222F058B257D45060008F106 /* Debug */ = {
			isa = XCBuildConfiguration;
			buildSettings = {
				ALWAYS_EMBED_SWIFT_STANDARD_LIBRARIES = YES;
				CODE_SIGN_STYLE = Automatic;
				INFOPLIST_FILE = MoveeWebServiceTests/Info.plist;
				LD_RUNPATH_SEARCH_PATHS = (
					"$(inherited)",
					"@executable_path/Frameworks",
					"@loader_path/Frameworks",
				);
				PRODUCT_BUNDLE_IDENTIFIER = Movee.MoveeWebServiceTests;
				PRODUCT_NAME = "$(TARGET_NAME)";
				SWIFT_VERSION = 5.0;
				TARGETED_DEVICE_FAMILY = "1,2";
			};
			name = Debug;
		};
		222F058C257D45060008F106 /* Release */ = {
			isa = XCBuildConfiguration;
			buildSettings = {
				ALWAYS_EMBED_SWIFT_STANDARD_LIBRARIES = YES;
				CODE_SIGN_STYLE = Automatic;
				INFOPLIST_FILE = MoveeWebServiceTests/Info.plist;
				LD_RUNPATH_SEARCH_PATHS = (
					"$(inherited)",
					"@executable_path/Frameworks",
					"@loader_path/Frameworks",
				);
				PRODUCT_BUNDLE_IDENTIFIER = Movee.MoveeWebServiceTests;
				PRODUCT_NAME = "$(TARGET_NAME)";
				SWIFT_VERSION = 5.0;
				TARGETED_DEVICE_FAMILY = "1,2";
			};
			name = Release;
		};
/* End XCBuildConfiguration section */

/* Begin XCConfigurationList section */
		222F056D257D45060008F106 /* Build configuration list for PBXProject "MoveeWebService" */ = {
			isa = XCConfigurationList;
			buildConfigurations = (
				222F0585257D45060008F106 /* Debug */,
				222F0586257D45060008F106 /* Release */,
			);
			defaultConfigurationIsVisible = 0;
			defaultConfigurationName = Release;
		};
		222F0587257D45060008F106 /* Build configuration list for PBXNativeTarget "MoveeWebService" */ = {
			isa = XCConfigurationList;
			buildConfigurations = (
				222F0588257D45060008F106 /* Debug */,
				222F0589257D45060008F106 /* Release */,
			);
			defaultConfigurationIsVisible = 0;
			defaultConfigurationName = Release;
		};
		222F058A257D45060008F106 /* Build configuration list for PBXNativeTarget "MoveeWebServiceTests" */ = {
			isa = XCConfigurationList;
			buildConfigurations = (
				222F058B257D45060008F106 /* Debug */,
				222F058C257D45060008F106 /* Release */,
			);
			defaultConfigurationIsVisible = 0;
			defaultConfigurationName = Release;
		};
/* End XCConfigurationList section */
	};
	rootObject = 222F056A257D45060008F106 /* Project object */;
}
